
Microsoft Visual Studio Solution File, Format Version 12.00
# Visual Studio Version 16
VisualStudioVersion = 16.0.30907.101
MinimumVisualStudioVersion = 10.0.40219.1
Project("{FAE04EC0-301F-11D3-BF4B-00C04F79EFBC}") = "Camera", "Camera\Camera.csproj", "{A69465B3-EFA9-42AD-81BA-3582D4FCEE1E}"
EndProject
Global
	GlobalSection(SolutionConfigurationPlatforms) = preSolution
		Debug|Any CPU = Debug|Any CPU
		Release|Any CPU = Release|Any CPU
	EndGlobalSection
	GlobalSection(ProjectConfigurationPlatforms) = postSolution
		{A69465B3-EFA9-42AD-81BA-3582D4FCEE1E}.Debug|Any CPU.ActiveCfg = Debug|Any CPU
		{A69465B3-EFA9-42AD-81BA-3582D4FCEE1E}.Debug|Any CPU.Build.0 = Debug|Any CPU
		{A69465B3-EFA9-42AD-81BA-3582D4FCEE1E}.Release|Any CPU.ActiveCfg = Release|Any CPU
		{A69465B3-EFA9-42AD-81BA-3582D4FCEE1E}.Release|Any CPU.Build.0 = Release|Any CPU
	EndGlobalSection
	GlobalSection(SolutionProperties) = preSolution
		HideSolutionNode = FALSE
	EndGlobalSection
	GlobalSection(ExtensibilityGlobals) = postSolution
		SolutionGuid = {4C899DDC-F222-4AA0-8BEB-46E45A283C66}
	EndGlobalSection
EndGlobal
